
Microsoft Visual Studio Solution File, Format Version 12.00
# Visual Studio Version 17
VisualStudioVersion = 17.0.32112.339
MinimumVisualStudioVersion = 10.0.40219.1
Project("{FAE04EC0-301F-11D3-BF4B-00C04F79EFBC}") = "Backend.api", "Backend\Backend.api.csproj", "{0255EB9C-B5CF-45F9-AF80-F2ECBFF57056}"
EndProject
Project("{FAE04EC0-301F-11D3-BF4B-00C04F79EFBC}") = "Service", "Service\Service.csproj", "{73C72644-3C27-4858-9504-757789CD395B}"
EndProject
Project("{FAE04EC0-301F-11D3-BF4B-00C04F79EFBC}") = "DataLayer", "DataLayer\DataLayer.csproj", "{682A2E02-E1EC-493C-B3A8-7218A9DD0E32}"
EndProject
Global
	GlobalSection(SolutionConfigurationPlatforms) = preSolution
		Debug|Any CPU = Debug|Any CPU
		Release|Any CPU = Release|Any CPU
	EndGlobalSection
	GlobalSection(ProjectConfigurationPlatforms) = postSolution
		{0255EB9C-B5CF-45F9-AF80-F2ECBFF57056}.Debug|Any CPU.ActiveCfg = Debug|Any CPU
		{0255EB9C-B5CF-45F9-AF80-F2ECBFF57056}.Debug|Any CPU.Build.0 = Debug|Any CPU
		{0255EB9C-B5CF-45F9-AF80-F2ECBFF57056}.Release|Any CPU.ActiveCfg = Release|Any CPU
		{0255EB9C-B5CF-45F9-AF80-F2ECBFF57056}.Release|Any CPU.Build.0 = Release|Any CPU
		{73C72644-3C27-4858-9504-757789CD395B}.Debug|Any CPU.ActiveCfg = Debug|Any CPU
		{73C72644-3C27-4858-9504-757789CD395B}.Debug|Any CPU.Build.0 = Debug|Any CPU
		{73C72644-3C27-4858-9504-757789CD395B}.Release|Any CPU.ActiveCfg = Release|Any CPU
		{73C72644-3C27-4858-9504-757789CD395B}.Release|Any CPU.Build.0 = Release|Any CPU
		{682A2E02-E1EC-493C-B3A8-7218A9DD0E32}.Debug|Any CPU.ActiveCfg = Debug|Any CPU
		{682A2E02-E1EC-493C-B3A8-7218A9DD0E32}.Debug|Any CPU.Build.0 = Debug|Any CPU
		{682A2E02-E1EC-493C-B3A8-7218A9DD0E32}.Release|Any CPU.ActiveCfg = Release|Any CPU
		{682A2E02-E1EC-493C-B3A8-7218A9DD0E32}.Release|Any CPU.Build.0 = Release|Any CPU
	EndGlobalSection
	GlobalSection(SolutionProperties) = preSolution
		HideSolutionNode = FALSE
	EndGlobalSection
	GlobalSection(ExtensibilityGlobals) = postSolution
		SolutionGuid = {55E929E1-311D-4E74-98C9-88D2F1AFD607}
	EndGlobalSection
EndGlobal
